# This file is generated by running "yarn install" inside your project.
# Manual changes might be lost - proceed with caution!

__metadata:
  version: 4
  cacheKey: 6

"flow-bin@npm:^0.153.0":
  version: 0.153.0
  resolution: "flow-bin@npm:0.153.0"
  bin:
    flow: cli.js
  checksum: b0adad3f9b3f07fc607793476d96ac9e136ca036fe241c8db7072537c632bb807def609bcbd6e1da9c0587e074e20bbcb277d2f299e1b5a682316cbd32b4581b
  languageName: node
  linkType: hard

"renovate-flow@workspace:.":
  version: 0.0.0-use.local
  resolution: "renovate-flow@workspace:."
  dependencies:
    flow-bin: ^0.153.0
  languageName: unknown
  linkType: soft
