# This file is generated by running "yarn install" inside your project.
# Manual changes might be lost - proceed with caution!

__metadata:
  version: 4
  cacheKey: 6

"flow-bin@npm:^0.152.0":
  version: 0.152.0
  resolution: "flow-bin@npm:0.152.0"
  bin:
    flow: cli.js
  checksum: 485a7bd5b2f1b709dbc28e93e6acaee32c22982485e1f5d38405287ef59c8b52c78dd168df1dfe5f6e7cd0188e310db84ff13b6e23a08782625bcc6f955c005b
  languageName: node
  linkType: hard

"renovate-flow@workspace:.":
  version: 0.0.0-use.local
  resolution: "renovate-flow@workspace:."
  dependencies:
    flow-bin: ^0.152.0
  languageName: unknown
  linkType: soft
