# This file is generated by running "yarn install" inside your project.
# Manual changes might be lost - proceed with caution!

__metadata:
  version: 4
  cacheKey: 6

"flow-bin@npm:^0.131.0":
  version: 0.131.0
  resolution: "flow-bin@npm:0.131.0"
  bin:
    flow: cli.js
  checksum: 7d0d157a6a6372772c08d8d7425d8dd8b115ad25abf0cbc2b72b2ea6b4edb3c727b32141d1d3e310697cc3ce2a5390ee08269bf9d63c3d8ed1f8d761f4cc09af
  languageName: node
  linkType: hard

"renovate-flow@workspace:.":
  version: 0.0.0-use.local
  resolution: "renovate-flow@workspace:."
  dependencies:
    flow-bin: ^0.131.0
  languageName: unknown
  linkType: soft
